// !$*UTF8*$!
{
	archiveVersion = 1;
	classes = {
	};
	objectVersion = 48;
	objects = {

/* Begin PBXBuildFile section */
		3745B96E1FD79E0400622BCE /* CosmosDistrib.swift in Sources */ = {isa = PBXBuildFile; fileRef = 3745B96D1FD79E0400622BCE /* CosmosDistrib.swift */; };
		3762DAD91FA705990065FA87 /* ChangeColorSchemeViewController.swift in Sources */ = {isa = PBXBuildFile; fileRef = 3762DAD81FA705990065FA87 /* ChangeColorSchemeViewController.swift */; };
		3762DAFF1FA7144C0065FA87 /* ColorScheme.swift in Sources */ = {isa = PBXBuildFile; fileRef = 3762DAFE1FA7144C0065FA87 /* ColorScheme.swift */; };
		3785C1F11FA9391200774BCE /* ChangeProfilePictureViewController.swift in Sources */ = {isa = PBXBuildFile; fileRef = 3785C1F01FA9391200774BCE /* ChangeProfilePictureViewController.swift */; };
		379650A01FA889AD00EF72ED /* ChangePasswordViewController.swift in Sources */ = {isa = PBXBuildFile; fileRef = 3796509F1FA889AD00EF72ED /* ChangePasswordViewController.swift */; };
		379650A21FA891DE00EF72ED /* DeleteAccountViewController.swift in Sources */ = {isa = PBXBuildFile; fileRef = 379650A11FA891DE00EF72ED /* DeleteAccountViewController.swift */; };
		379650A41FA8954C00EF72ED /* SettingsViewController.swift in Sources */ = {isa = PBXBuildFile; fileRef = 379650A31FA8954C00EF72ED /* SettingsViewController.swift */; };
		379650A61FA8956400EF72ED /* SettingsTableViewController.swift in Sources */ = {isa = PBXBuildFile; fileRef = 379650A51FA8956400EF72ED /* SettingsTableViewController.swift */; };
		37A974DC1FC501AF000D5493 /* ProfileViewController.swift in Sources */ = {isa = PBXBuildFile; fileRef = 37A974DB1FC501AF000D5493 /* ProfileViewController.swift */; };
		7F2217E11FA820740004D67D /* EditProviderViewController.swift in Sources */ = {isa = PBXBuildFile; fileRef = 7F2217E01FA820740004D67D /* EditProviderViewController.swift */; };
		7F3E1B0D1FA7EB3B0034EE46 /* EditProfileViewController.swift in Sources */ = {isa = PBXBuildFile; fileRef = 7F3E1B0C1FA7EB3B0034EE46 /* EditProfileViewController.swift */; };
		7F7F23101FA68DC200EEA294 /* ClientProfileViewController.swift in Sources */ = {isa = PBXBuildFile; fileRef = 7F7F230F1FA68DC200EEA294 /* ClientProfileViewController.swift */; };
		7F7F23141FA78B7D00EEA294 /* ProviderProfileViewController.swift in Sources */ = {isa = PBXBuildFile; fileRef = 7F7F23131FA78B7D00EEA294 /* ProviderProfileViewController.swift */; };
		7F9E23241FA3A6C600865172 /* Client.swift in Sources */ = {isa = PBXBuildFile; fileRef = 7F9E23231FA3A6C600865172 /* Client.swift */; };
		7F9E39761FD72290008CB750 /* OurServicesTableViewController.swift in Sources */ = {isa = PBXBuildFile; fileRef = 7F9E39751FD72290008CB750 /* OurServicesTableViewController.swift */; };
		7F9E39781FD7326A008CB750 /* MyRequetsTableViewController.swift in Sources */ = {isa = PBXBuildFile; fileRef = 7F9E39771FD7326A008CB750 /* MyRequetsTableViewController.swift */; };
		7FBB2EB31FC281A4002067C1 /* ServicesRequestsTableViewController.swift in Sources */ = {isa = PBXBuildFile; fileRef = 7FBB2EB21FC281A4002067C1 /* ServicesRequestsTableViewController.swift */; };
		7FBB2EB51FC36430002067C1 /* CategoriesServiceTableViewCell.swift in Sources */ = {isa = PBXBuildFile; fileRef = 7FBB2EB41FC36430002067C1 /* CategoriesServiceTableViewCell.swift */; };
		7FBB2EB71FC37588002067C1 /* ViewServiceViewController.swift in Sources */ = {isa = PBXBuildFile; fileRef = 7FBB2EB61FC37588002067C1 /* ViewServiceViewController.swift */; };
		7FF61A771FC0CC3B00DFE2E7 /* CategoriesTableViewController.swift in Sources */ = {isa = PBXBuildFile; fileRef = 7FF61A761FC0CC3B00DFE2E7 /* CategoriesTableViewController.swift */; };
		900A838E1FFFC83F00E1FC6E /* ChangeDistanceViewController.swift in Sources */ = {isa = PBXBuildFile; fileRef = 900A838D1FFFC83F00E1FC6E /* ChangeDistanceViewController.swift */; };
		9014E1842007136F00DB612A /* PostsHelper.swift in Sources */ = {isa = PBXBuildFile; fileRef = 9014E1832007136F00DB612A /* PostsHelper.swift */; };
		901677271F92B5DD00F1E1D5 /* CreateServiceOfferViewController.swift in Sources */ = {isa = PBXBuildFile; fileRef = 901677261F92B5DD00F1E1D5 /* CreateServiceOfferViewController.swift */; };
		901677291F92B87C00F1E1D5 /* ClientFeedViewController.swift in Sources */ = {isa = PBXBuildFile; fileRef = 901677281F92B87C00F1E1D5 /* ClientFeedViewController.swift */; };
		9016772F1F92C71B00F1E1D5 /* ServiceOfferTableViewCell.swift in Sources */ = {isa = PBXBuildFile; fileRef = 9016772E1F92C71B00F1E1D5 /* ServiceOfferTableViewCell.swift */; };
		901FDE8E1FA6AE4400BA2163 /* ServiceTypeViewController.swift in Sources */ = {isa = PBXBuildFile; fileRef = 901FDE8D1FA6AE4400BA2163 /* ServiceTypeViewController.swift */; };
		902295081FEF5DD300BC39EA /* ClientRequest.swift in Sources */ = {isa = PBXBuildFile; fileRef = 902295071FEF5DD300BC39EA /* ClientRequest.swift */; };
		9022950A1FEF5E1A00BC39EA /* ClientRequestTableViewCell.swift in Sources */ = {isa = PBXBuildFile; fileRef = 902295091FEF5E1A00BC39EA /* ClientRequestTableViewCell.swift */; };
		902588531F93DC7200F57059 /* ServiceOffer.swift in Sources */ = {isa = PBXBuildFile; fileRef = 902588521F93DC7200F57059 /* ServiceOffer.swift */; };
		90280E8D1FC3CAF5006C5542 /* CreateClientRequestViewController.swift in Sources */ = {isa = PBXBuildFile; fileRef = 90280E8C1FC3CAF5006C5542 /* CreateClientRequestViewController.swift */; };
		903204321FEB13A600F45B0F /* ChooseNameViewController.swift in Sources */ = {isa = PBXBuildFile; fileRef = 903204311FEB13A600F45B0F /* ChooseNameViewController.swift */; };
		903C46041FE8538D00D80D58 /* ChatListTableViewController.swift in Sources */ = {isa = PBXBuildFile; fileRef = 903C46031FE8538D00D80D58 /* ChatListTableViewController.swift */; };
		903C46061FE8559E00D80D58 /* ChatListTableViewCell.swift in Sources */ = {isa = PBXBuildFile; fileRef = 903C46051FE8559E00D80D58 /* ChatListTableViewCell.swift */; };
		903C46081FE856CC00D80D58 /* ChatViewController.swift in Sources */ = {isa = PBXBuildFile; fileRef = 903C46071FE856CC00D80D58 /* ChatViewController.swift */; };
		9083B39A1F86D5B20079E309 /* AppDelegate.swift in Sources */ = {isa = PBXBuildFile; fileRef = 9083B3991F86D5B20079E309 /* AppDelegate.swift */; };
		9083B39F1F86D5B20079E309 /* Main.storyboard in Resources */ = {isa = PBXBuildFile; fileRef = 9083B39D1F86D5B20079E309 /* Main.storyboard */; };
		9083B3A11F86D5B20079E309 /* Assets.xcassets in Resources */ = {isa = PBXBuildFile; fileRef = 9083B3A01F86D5B20079E309 /* Assets.xcassets */; };
		9083B3A41F86D5B20079E309 /* LaunchScreen.storyboard in Resources */ = {isa = PBXBuildFile; fileRef = 9083B3A21F86D5B20079E309 /* LaunchScreen.storyboard */; };
		908CD2A91FE89F3500372C29 /* ChatMetadata.swift in Sources */ = {isa = PBXBuildFile; fileRef = 908CD2A81FE89F3500372C29 /* ChatMetadata.swift */; };
		909C3B101FD9077200C0A207 /* CreateServiceOrRequestViewController.swift in Sources */ = {isa = PBXBuildFile; fileRef = 909C3B0F1FD9077200C0A207 /* CreateServiceOrRequestViewController.swift */; };
		90AFFE672006DFB600830CF1 /* LocationHelper.swift in Sources */ = {isa = PBXBuildFile; fileRef = 90AFFE662006DFB600830CF1 /* LocationHelper.swift */; };
		90BDE641200425DB005488D8 /* loginSignupUITests.swift in Sources */ = {isa = PBXBuildFile; fileRef = 90BDE640200425DB005488D8 /* loginSignupUITests.swift */; };
		90C96DC01FE4FC8C00A1E8BA /* DatabaseWrapper.swift in Sources */ = {isa = PBXBuildFile; fileRef = 90C96DBF1FE4FC8C00A1E8BA /* DatabaseWrapper.swift */; };
		90C982D72005A7AD0007FB6D /* createPostsUITests.swift in Sources */ = {isa = PBXBuildFile; fileRef = 90C982D62005A7AD0007FB6D /* createPostsUITests.swift */; };
		90C982DA2005A8A70007FB6D /* feedUITests.swift in Sources */ = {isa = PBXBuildFile; fileRef = 90C982D92005A8A70007FB6D /* feedUITests.swift */; };
		90CA841A1F995EFA00EDB7AC /* ServicelyLogoViewController.swift in Sources */ = {isa = PBXBuildFile; fileRef = 90CA84191F995EFA00EDB7AC /* ServicelyLogoViewController.swift */; };
		90F320282005B485002D1BFA /* messagingUITests.swift in Sources */ = {isa = PBXBuildFile; fileRef = 90F320272005B485002D1BFA /* messagingUITests.swift */; };
		A48E045045EECE1353730BBE /* Pods_servicely.framework in Frameworks */ = {isa = PBXBuildFile; fileRef = F7FB88E9762171D187BC2BAB /* Pods_servicely.framework */; };
/* End PBXBuildFile section */

/* Begin PBXContainerItemProxy section */
		90BDE643200425DB005488D8 /* PBXContainerItemProxy */ = {
			isa = PBXContainerItemProxy;
			containerPortal = 9083B38E1F86D5B20079E309 /* Project object */;
			proxyType = 1;
			remoteGlobalIDString = 9083B3951F86D5B20079E309;
			remoteInfo = servicely;
		};
/* End PBXContainerItemProxy section */

/* Begin PBXFileReference section */
		3745B96D1FD79E0400622BCE /* CosmosDistrib.swift */ = {isa = PBXFileReference; fileEncoding = 4; lastKnownFileType = sourcecode.swift; path = CosmosDistrib.swift; sourceTree = "<group>"; };
		3762DAD81FA705990065FA87 /* ChangeColorSchemeViewController.swift */ = {isa = PBXFileReference; lastKnownFileType = sourcecode.swift; path = ChangeColorSchemeViewController.swift; sourceTree = "<group>"; };
		3762DAFE1FA7144C0065FA87 /* ColorScheme.swift */ = {isa = PBXFileReference; lastKnownFileType = sourcecode.swift; path = ColorScheme.swift; sourceTree = "<group>"; };
		3785C1F01FA9391200774BCE /* ChangeProfilePictureViewController.swift */ = {isa = PBXFileReference; lastKnownFileType = sourcecode.swift; path = ChangeProfilePictureViewController.swift; sourceTree = "<group>"; };
		3796509F1FA889AD00EF72ED /* ChangePasswordViewController.swift */ = {isa = PBXFileReference; lastKnownFileType = sourcecode.swift; path = ChangePasswordViewController.swift; sourceTree = "<group>"; };
		379650A11FA891DE00EF72ED /* DeleteAccountViewController.swift */ = {isa = PBXFileReference; lastKnownFileType = sourcecode.swift; path = DeleteAccountViewController.swift; sourceTree = "<group>"; };
		379650A31FA8954C00EF72ED /* SettingsViewController.swift */ = {isa = PBXFileReference; lastKnownFileType = sourcecode.swift; path = SettingsViewController.swift; sourceTree = "<group>"; };
		379650A51FA8956400EF72ED /* SettingsTableViewController.swift */ = {isa = PBXFileReference; lastKnownFileType = sourcecode.swift; path = SettingsTableViewController.swift; sourceTree = "<group>"; };
		37A974DB1FC501AF000D5493 /* ProfileViewController.swift */ = {isa = PBXFileReference; lastKnownFileType = sourcecode.swift; path = ProfileViewController.swift; sourceTree = "<group>"; };
		6614193002671127BD6A9542 /* Pods-servicely.debug.xcconfig */ = {isa = PBXFileReference; includeInIndex = 1; lastKnownFileType = text.xcconfig; name = "Pods-servicely.debug.xcconfig"; path = "Pods/Target Support Files/Pods-servicely/Pods-servicely.debug.xcconfig"; sourceTree = "<group>"; };
		7A88FAA5A4E412742F5C967C /* Pods-servicely.release.xcconfig */ = {isa = PBXFileReference; includeInIndex = 1; lastKnownFileType = text.xcconfig; name = "Pods-servicely.release.xcconfig"; path = "Pods/Target Support Files/Pods-servicely/Pods-servicely.release.xcconfig"; sourceTree = "<group>"; };
		7F2217E01FA820740004D67D /* EditProviderViewController.swift */ = {isa = PBXFileReference; lastKnownFileType = sourcecode.swift; path = EditProviderViewController.swift; sourceTree = "<group>"; };
		7F3E1B0C1FA7EB3B0034EE46 /* EditProfileViewController.swift */ = {isa = PBXFileReference; lastKnownFileType = sourcecode.swift; path = EditProfileViewController.swift; sourceTree = "<group>"; };
		7F7F230F1FA68DC200EEA294 /* ClientProfileViewController.swift */ = {isa = PBXFileReference; lastKnownFileType = sourcecode.swift; path = ClientProfileViewController.swift; sourceTree = "<group>"; };
		7F7F23131FA78B7D00EEA294 /* ProviderProfileViewController.swift */ = {isa = PBXFileReference; lastKnownFileType = sourcecode.swift; path = ProviderProfileViewController.swift; sourceTree = "<group>"; };
		7F9E23231FA3A6C600865172 /* Client.swift */ = {isa = PBXFileReference; lastKnownFileType = sourcecode.swift; path = Client.swift; sourceTree = "<group>"; };
		7F9E39751FD72290008CB750 /* OurServicesTableViewController.swift */ = {isa = PBXFileReference; lastKnownFileType = sourcecode.swift; path = OurServicesTableViewController.swift; sourceTree = "<group>"; };
		7F9E39771FD7326A008CB750 /* MyRequetsTableViewController.swift */ = {isa = PBXFileReference; lastKnownFileType = sourcecode.swift; path = MyRequetsTableViewController.swift; sourceTree = "<group>"; };
		7FBB2EB21FC281A4002067C1 /* ServicesRequestsTableViewController.swift */ = {isa = PBXFileReference; lastKnownFileType = sourcecode.swift; path = ServicesRequestsTableViewController.swift; sourceTree = "<group>"; };
		7FBB2EB41FC36430002067C1 /* CategoriesServiceTableViewCell.swift */ = {isa = PBXFileReference; lastKnownFileType = sourcecode.swift; path = CategoriesServiceTableViewCell.swift; sourceTree = "<group>"; };
		7FBB2EB61FC37588002067C1 /* ViewServiceViewController.swift */ = {isa = PBXFileReference; lastKnownFileType = sourcecode.swift; path = ViewServiceViewController.swift; sourceTree = "<group>"; };
		7FF61A761FC0CC3B00DFE2E7 /* CategoriesTableViewController.swift */ = {isa = PBXFileReference; lastKnownFileType = sourcecode.swift; path = CategoriesTableViewController.swift; sourceTree = "<group>"; };
		900A838D1FFFC83F00E1FC6E /* ChangeDistanceViewController.swift */ = {isa = PBXFileReference; lastKnownFileType = sourcecode.swift; path = ChangeDistanceViewController.swift; sourceTree = "<group>"; };
		9014E1832007136F00DB612A /* PostsHelper.swift */ = {isa = PBXFileReference; lastKnownFileType = sourcecode.swift; path = PostsHelper.swift; sourceTree = "<group>"; };
		901677261F92B5DD00F1E1D5 /* CreateServiceOfferViewController.swift */ = {isa = PBXFileReference; lastKnownFileType = sourcecode.swift; path = CreateServiceOfferViewController.swift; sourceTree = "<group>"; };
		901677281F92B87C00F1E1D5 /* ClientFeedViewController.swift */ = {isa = PBXFileReference; lastKnownFileType = sourcecode.swift; path = ClientFeedViewController.swift; sourceTree = "<group>"; };
		9016772E1F92C71B00F1E1D5 /* ServiceOfferTableViewCell.swift */ = {isa = PBXFileReference; lastKnownFileType = sourcecode.swift; path = ServiceOfferTableViewCell.swift; sourceTree = "<group>"; };
		901FDE8D1FA6AE4400BA2163 /* ServiceTypeViewController.swift */ = {isa = PBXFileReference; lastKnownFileType = sourcecode.swift; path = ServiceTypeViewController.swift; sourceTree = "<group>"; };
		902295071FEF5DD300BC39EA /* ClientRequest.swift */ = {isa = PBXFileReference; lastKnownFileType = sourcecode.swift; path = ClientRequest.swift; sourceTree = "<group>"; };
		902295091FEF5E1A00BC39EA /* ClientRequestTableViewCell.swift */ = {isa = PBXFileReference; lastKnownFileType = sourcecode.swift; path = ClientRequestTableViewCell.swift; sourceTree = "<group>"; };
		902588521F93DC7200F57059 /* ServiceOffer.swift */ = {isa = PBXFileReference; lastKnownFileType = sourcecode.swift; path = ServiceOffer.swift; sourceTree = "<group>"; };
		90280E8C1FC3CAF5006C5542 /* CreateClientRequestViewController.swift */ = {isa = PBXFileReference; lastKnownFileType = sourcecode.swift; path = CreateClientRequestViewController.swift; sourceTree = "<group>"; };
		903204311FEB13A600F45B0F /* ChooseNameViewController.swift */ = {isa = PBXFileReference; lastKnownFileType = sourcecode.swift; path = ChooseNameViewController.swift; sourceTree = "<group>"; };
		903C46031FE8538D00D80D58 /* ChatListTableViewController.swift */ = {isa = PBXFileReference; lastKnownFileType = sourcecode.swift; path = ChatListTableViewController.swift; sourceTree = "<group>"; };
		903C46051FE8559E00D80D58 /* ChatListTableViewCell.swift */ = {isa = PBXFileReference; lastKnownFileType = sourcecode.swift; path = ChatListTableViewCell.swift; sourceTree = "<group>"; };
		903C46071FE856CC00D80D58 /* ChatViewController.swift */ = {isa = PBXFileReference; lastKnownFileType = sourcecode.swift; path = ChatViewController.swift; sourceTree = "<group>"; };
		9082AE961FFC8D50004767E2 /* FileProviderUI.framework */ = {isa = PBXFileReference; lastKnownFileType = wrapper.framework; name = FileProviderUI.framework; path = System/Library/Frameworks/FileProviderUI.framework; sourceTree = SDKROOT; };
		9082AE981FFC8D8F004767E2 /* Twitter.framework */ = {isa = PBXFileReference; lastKnownFileType = wrapper.framework; name = Twitter.framework; path = System/Library/Frameworks/Twitter.framework; sourceTree = SDKROOT; };
		9082AE9A1FFC8EE4004767E2 /* FirebaseTwitterAuthUI.framework */ = {isa = PBXFileReference; lastKnownFileType = wrapper.framework; name = FirebaseTwitterAuthUI.framework; path = Pods/FirebaseUI/FirebaseUIFrameworks/FirebaseTwitterAuthUI/Frameworks/FirebaseTwitterAuthUI.framework; sourceTree = "<group>"; };
		9083B3961F86D5B20079E309 /* servicely.app */ = {isa = PBXFileReference; explicitFileType = wrapper.application; includeInIndex = 0; path = servicely.app; sourceTree = BUILT_PRODUCTS_DIR; };
		9083B3991F86D5B20079E309 /* AppDelegate.swift */ = {isa = PBXFileReference; lastKnownFileType = sourcecode.swift; path = AppDelegate.swift; sourceTree = "<group>"; };
		9083B39E1F86D5B20079E309 /* Base */ = {isa = PBXFileReference; lastKnownFileType = file.storyboard; name = Base; path = Base.lproj/Main.storyboard; sourceTree = "<group>"; };
		9083B3A01F86D5B20079E309 /* Assets.xcassets */ = {isa = PBXFileReference; lastKnownFileType = folder.assetcatalog; path = Assets.xcassets; sourceTree = "<group>"; };
		9083B3A31F86D5B20079E309 /* Base */ = {isa = PBXFileReference; lastKnownFileType = file.storyboard; name = Base; path = Base.lproj/LaunchScreen.storyboard; sourceTree = "<group>"; };
		9083B3A51F86D5B20079E309 /* Info.plist */ = {isa = PBXFileReference; lastKnownFileType = text.plist.xml; path = Info.plist; sourceTree = "<group>"; };
		908CD2A81FE89F3500372C29 /* ChatMetadata.swift */ = {isa = PBXFileReference; lastKnownFileType = sourcecode.swift; path = ChatMetadata.swift; sourceTree = "<group>"; };
		909C3B0F1FD9077200C0A207 /* CreateServiceOrRequestViewController.swift */ = {isa = PBXFileReference; lastKnownFileType = sourcecode.swift; path = CreateServiceOrRequestViewController.swift; sourceTree = "<group>"; };
		90AFFE662006DFB600830CF1 /* LocationHelper.swift */ = {isa = PBXFileReference; lastKnownFileType = sourcecode.swift; path = LocationHelper.swift; sourceTree = "<group>"; };
		90BDE63E200425DB005488D8 /* servicelyUITests.xctest */ = {isa = PBXFileReference; explicitFileType = wrapper.cfbundle; includeInIndex = 0; path = servicelyUITests.xctest; sourceTree = BUILT_PRODUCTS_DIR; };
		90BDE640200425DB005488D8 /* loginSignupUITests.swift */ = {isa = PBXFileReference; lastKnownFileType = sourcecode.swift; path = loginSignupUITests.swift; sourceTree = "<group>"; };
		90BDE642200425DB005488D8 /* Info.plist */ = {isa = PBXFileReference; lastKnownFileType = text.plist.xml; path = Info.plist; sourceTree = "<group>"; };
		90C96DBF1FE4FC8C00A1E8BA /* DatabaseWrapper.swift */ = {isa = PBXFileReference; lastKnownFileType = sourcecode.swift; path = DatabaseWrapper.swift; sourceTree = "<group>"; };
		90C982D62005A7AD0007FB6D /* createPostsUITests.swift */ = {isa = PBXFileReference; lastKnownFileType = sourcecode.swift; path = createPostsUITests.swift; sourceTree = "<group>"; };
		90C982D92005A8A70007FB6D /* feedUITests.swift */ = {isa = PBXFileReference; lastKnownFileType = sourcecode.swift; path = feedUITests.swift; sourceTree = "<group>"; };
		90CA84191F995EFA00EDB7AC /* ServicelyLogoViewController.swift */ = {isa = PBXFileReference; lastKnownFileType = sourcecode.swift; path = ServicelyLogoViewController.swift; sourceTree = "<group>"; };
		90CF54532002B25F00FBCA8A /* servicely.entitlements */ = {isa = PBXFileReference; lastKnownFileType = text.plist.entitlements; path = servicely.entitlements; sourceTree = "<group>"; };
		90F320272005B485002D1BFA /* messagingUITests.swift */ = {isa = PBXFileReference; lastKnownFileType = sourcecode.swift; path = messagingUITests.swift; sourceTree = "<group>"; };
		F7FB88E9762171D187BC2BAB /* Pods_servicely.framework */ = {isa = PBXFileReference; explicitFileType = wrapper.framework; includeInIndex = 0; path = Pods_servicely.framework; sourceTree = BUILT_PRODUCTS_DIR; };
/* End PBXFileReference section */

/* Begin PBXFrameworksBuildPhase section */
		9083B3931F86D5B20079E309 /* Frameworks */ = {
			isa = PBXFrameworksBuildPhase;
			buildActionMask = 2147483647;
			files = (
				A48E045045EECE1353730BBE /* Pods_servicely.framework in Frameworks */,
			);
			runOnlyForDeploymentPostprocessing = 0;
		};
		90BDE63B200425DB005488D8 /* Frameworks */ = {
			isa = PBXFrameworksBuildPhase;
			buildActionMask = 2147483647;
			files = (
			);
			runOnlyForDeploymentPostprocessing = 0;
		};
/* End PBXFrameworksBuildPhase section */

/* Begin PBXGroup section */
		03ED8AA1EEC851C7AF416CEB /* Pods */ = {
			isa = PBXGroup;
			children = (
				6614193002671127BD6A9542 /* Pods-servicely.debug.xcconfig */,
				7A88FAA5A4E412742F5C967C /* Pods-servicely.release.xcconfig */,
			);
			name = Pods;
			sourceTree = "<group>";
		};
		362DA306D9237F109495D680 /* Frameworks */ = {
			isa = PBXGroup;
			children = (
				9082AE9A1FFC8EE4004767E2 /* FirebaseTwitterAuthUI.framework */,
				9082AE981FFC8D8F004767E2 /* Twitter.framework */,
				9082AE961FFC8D50004767E2 /* FileProviderUI.framework */,
				F7FB88E9762171D187BC2BAB /* Pods_servicely.framework */,
			);
			name = Frameworks;
			sourceTree = "<group>";
		};
		900A838C1FFD803800E1FC6E /* Supporting Files */ = {
			isa = PBXGroup;
			children = (
				9083B3A51F86D5B20079E309 /* Info.plist */,
			);
			path = "Supporting Files";
			sourceTree = "<group>";
		};
		9083B38D1F86D5B20079E309 = {
			isa = PBXGroup;
			children = (
				9083B3981F86D5B20079E309 /* servicely */,
				90BDE63F200425DB005488D8 /* servicelyUITests */,
				9083B3971F86D5B20079E309 /* Products */,
				03ED8AA1EEC851C7AF416CEB /* Pods */,
				362DA306D9237F109495D680 /* Frameworks */,
			);
			sourceTree = "<group>";
		};
		9083B3971F86D5B20079E309 /* Products */ = {
			isa = PBXGroup;
			children = (
				9083B3961F86D5B20079E309 /* servicely.app */,
				90BDE63E200425DB005488D8 /* servicelyUITests.xctest */,
			);
			name = Products;
			sourceTree = "<group>";
		};
		9083B3981F86D5B20079E309 /* servicely */ = {
			isa = PBXGroup;
			children = (
				90CF54532002B25F00FBCA8A /* servicely.entitlements */,
				9083B3991F86D5B20079E309 /* AppDelegate.swift */,
				9083B39D1F86D5B20079E309 /* Main.storyboard */,
				7F9E39771FD7326A008CB750 /* MyRequetsTableViewController.swift */,
				7F9E39751FD72290008CB750 /* OurServicesTableViewController.swift */,
				7FF61A761FC0CC3B00DFE2E7 /* CategoriesTableViewController.swift */,
				7FBB2EB41FC36430002067C1 /* CategoriesServiceTableViewCell.swift */,
				7FBB2EB21FC281A4002067C1 /* ServicesRequestsTableViewController.swift */,
				7FBB2EB61FC37588002067C1 /* ViewServiceViewController.swift */,
				7F2217E01FA820740004D67D /* EditProviderViewController.swift */,
				7F3E1B0C1FA7EB3B0034EE46 /* EditProfileViewController.swift */,
				37A974DB1FC501AF000D5493 /* ProfileViewController.swift */,
				7F7F23131FA78B7D00EEA294 /* ProviderProfileViewController.swift */,
				7F7F230F1FA68DC200EEA294 /* ClientProfileViewController.swift */,
				3745B96D1FD79E0400622BCE /* CosmosDistrib.swift */,
				9083B3A01F86D5B20079E309 /* Assets.xcassets */,
				9083B3A21F86D5B20079E309 /* LaunchScreen.storyboard */,
				900A838C1FFD803800E1FC6E /* Supporting Files */,
				90C96DBF1FE4FC8C00A1E8BA /* DatabaseWrapper.swift */,
				90AFFE662006DFB600830CF1 /* LocationHelper.swift */,
				9014E1832007136F00DB612A /* PostsHelper.swift */,
				909C3B0F1FD9077200C0A207 /* CreateServiceOrRequestViewController.swift */,
				901677261F92B5DD00F1E1D5 /* CreateServiceOfferViewController.swift */,
				90280E8C1FC3CAF5006C5542 /* CreateClientRequestViewController.swift */,
				901677281F92B87C00F1E1D5 /* ClientFeedViewController.swift */,
				9016772E1F92C71B00F1E1D5 /* ServiceOfferTableViewCell.swift */,
				902295091FEF5E1A00BC39EA /* ClientRequestTableViewCell.swift */,
				902588521F93DC7200F57059 /* ServiceOffer.swift */,
				902295071FEF5DD300BC39EA /* ClientRequest.swift */,
				7F9E23231FA3A6C600865172 /* Client.swift */,
				908CD2A81FE89F3500372C29 /* ChatMetadata.swift */,
				90CA84191F995EFA00EDB7AC /* ServicelyLogoViewController.swift */,
				901FDE8D1FA6AE4400BA2163 /* ServiceTypeViewController.swift */,
				903204311FEB13A600F45B0F /* ChooseNameViewController.swift */,
				3762DAD81FA705990065FA87 /* ChangeColorSchemeViewController.swift */,
				3762DAFE1FA7144C0065FA87 /* ColorScheme.swift */,
				3796509F1FA889AD00EF72ED /* ChangePasswordViewController.swift */,
				379650A11FA891DE00EF72ED /* DeleteAccountViewController.swift */,
				379650A31FA8954C00EF72ED /* SettingsViewController.swift */,
				379650A51FA8956400EF72ED /* SettingsTableViewController.swift */,
				3785C1F01FA9391200774BCE /* ChangeProfilePictureViewController.swift */,
				900A838D1FFFC83F00E1FC6E /* ChangeDistanceViewController.swift */,
				903C46031FE8538D00D80D58 /* ChatListTableViewController.swift */,
				903C46051FE8559E00D80D58 /* ChatListTableViewCell.swift */,
				903C46071FE856CC00D80D58 /* ChatViewController.swift */,
			);
			path = servicely;
			sourceTree = "<group>";
		};
		90BDE63F200425DB005488D8 /* servicelyUITests */ = {
			isa = PBXGroup;
			children = (
				90F320262005B458002D1BFA /* messagingUITests */,
				90C982DB2005A94B0007FB6D /* loginSignupUITests */,
				90C982D82005A8910007FB6D /* feedUITests */,
				90C982D52005A7700007FB6D /* createPostsUITests */,
				90BDE642200425DB005488D8 /* Info.plist */,
			);
			path = servicelyUITests;
			sourceTree = "<group>";
		};
		90C982D52005A7700007FB6D /* createPostsUITests */ = {
			isa = PBXGroup;
			children = (
				90C982D62005A7AD0007FB6D /* createPostsUITests.swift */,
			);
			path = createPostsUITests;
			sourceTree = "<group>";
		};
		90C982D82005A8910007FB6D /* feedUITests */ = {
			isa = PBXGroup;
			children = (
				90C982D92005A8A70007FB6D /* feedUITests.swift */,
			);
			path = feedUITests;
			sourceTree = "<group>";
		};
		90C982DB2005A94B0007FB6D /* loginSignupUITests */ = {
			isa = PBXGroup;
			children = (
				90BDE640200425DB005488D8 /* loginSignupUITests.swift */,
			);
			path = loginSignupUITests;
			sourceTree = "<group>";
		};
		90F320262005B458002D1BFA /* messagingUITests */ = {
			isa = PBXGroup;
			children = (
				90F320272005B485002D1BFA /* messagingUITests.swift */,
			);
			path = messagingUITests;
			sourceTree = "<group>";
		};
/* End PBXGroup section */

/* Begin PBXNativeTarget section */
		9083B3951F86D5B20079E309 /* servicely */ = {
			isa = PBXNativeTarget;
			buildConfigurationList = 9083B3A81F86D5B20079E309 /* Build configuration list for PBXNativeTarget "servicely" */;
			buildPhases = (
				29EAE9724662AF9E1A212EFF /* [CP] Check Pods Manifest.lock */,
				9083B3921F86D5B20079E309 /* Sources */,
				9083B3931F86D5B20079E309 /* Frameworks */,
				909C3B151FDF67B300C0A207 /* Setup Firebase Environment GoogleService-Info.plist */,
				9083B3941F86D5B20079E309 /* Resources */,
				B502D0CC9DEE17C9B54B6411 /* [CP] Embed Pods Frameworks */,
				9A4024DBFC650AD633FE038E /* [CP] Copy Pods Resources */,
			);
			buildRules = (
			);
			dependencies = (
			);
			name = servicely;
			productName = servicely;
			productReference = 9083B3961F86D5B20079E309 /* servicely.app */;
			productType = "com.apple.product-type.application";
		};
		90BDE63D200425DB005488D8 /* servicelyUITests */ = {
			isa = PBXNativeTarget;
			buildConfigurationList = 90BDE645200425DB005488D8 /* Build configuration list for PBXNativeTarget "servicelyUITests" */;
			buildPhases = (
				90BDE63A200425DB005488D8 /* Sources */,
				90BDE63B200425DB005488D8 /* Frameworks */,
				90BDE63C200425DB005488D8 /* Resources */,
			);
			buildRules = (
			);
			dependencies = (
				90BDE644200425DB005488D8 /* PBXTargetDependency */,
			);
			name = servicelyUITests;
			productName = servicelyUITests;
			productReference = 90BDE63E200425DB005488D8 /* servicelyUITests.xctest */;
			productType = "com.apple.product-type.bundle.ui-testing";
		};
/* End PBXNativeTarget section */

/* Begin PBXProject section */
		9083B38E1F86D5B20079E309 /* Project object */ = {
			isa = PBXProject;
			attributes = {
				LastSwiftUpdateCheck = 0920;
				LastUpgradeCheck = 0900;
				ORGANIZATIONNAME = "Andoni Mendoza";
				TargetAttributes = {
					9083B3951F86D5B20079E309 = {
						CreatedOnToolsVersion = 9.0;
						ProvisioningStyle = Automatic;
						SystemCapabilities = {
							com.apple.BackgroundModes = {
								enabled = 0;
							};
							com.apple.Push = {
								enabled = 1;
							};
							com.apple.iCloud = {
								enabled = 0;
							};
						};
					};
					90BDE63D200425DB005488D8 = {
						CreatedOnToolsVersion = 9.2;
						ProvisioningStyle = Automatic;
						TestTargetID = 9083B3951F86D5B20079E309;
					};
				};
			};
			buildConfigurationList = 9083B3911F86D5B20079E309 /* Build configuration list for PBXProject "servicely" */;
			compatibilityVersion = "Xcode 8.0";
			developmentRegion = en;
			hasScannedForEncodings = 0;
			knownRegions = (
				en,
				Base,
			);
			mainGroup = 9083B38D1F86D5B20079E309;
			productRefGroup = 9083B3971F86D5B20079E309 /* Products */;
			projectDirPath = "";
			projectRoot = "";
			targets = (
				9083B3951F86D5B20079E309 /* servicely */,
				90BDE63D200425DB005488D8 /* servicelyUITests */,
			);
		};
/* End PBXProject section */

/* Begin PBXResourcesBuildPhase section */
		9083B3941F86D5B20079E309 /* Resources */ = {
			isa = PBXResourcesBuildPhase;
			buildActionMask = 2147483647;
			files = (
				9083B3A41F86D5B20079E309 /* LaunchScreen.storyboard in Resources */,
				9083B3A11F86D5B20079E309 /* Assets.xcassets in Resources */,
				9083B39F1F86D5B20079E309 /* Main.storyboard in Resources */,
			);
			runOnlyForDeploymentPostprocessing = 0;
		};
		90BDE63C200425DB005488D8 /* Resources */ = {
			isa = PBXResourcesBuildPhase;
			buildActionMask = 2147483647;
			files = (
			);
			runOnlyForDeploymentPostprocessing = 0;
		};
/* End PBXResourcesBuildPhase section */

/* Begin PBXShellScriptBuildPhase section */
		29EAE9724662AF9E1A212EFF /* [CP] Check Pods Manifest.lock */ = {
			isa = PBXShellScriptBuildPhase;
			buildActionMask = 2147483647;
			files = (
			);
			inputPaths = (
				"${PODS_PODFILE_DIR_PATH}/Podfile.lock",
				"${PODS_ROOT}/Manifest.lock",
			);
			name = "[CP] Check Pods Manifest.lock";
			outputPaths = (
				"$(DERIVED_FILE_DIR)/Pods-servicely-checkManifestLockResult.txt",
			);
			runOnlyForDeploymentPostprocessing = 0;
			shellPath = /bin/sh;
			shellScript = "diff \"${PODS_PODFILE_DIR_PATH}/Podfile.lock\" \"${PODS_ROOT}/Manifest.lock\" > /dev/null\nif [ $? != 0 ] ; then\n    # print error to STDERR\n    echo \"error: The sandbox is not in sync with the Podfile.lock. Run 'pod install' or update your CocoaPods installation.\" >&2\n    exit 1\nfi\n# This output is used by Xcode 'outputs' to avoid re-running this script phase.\necho \"SUCCESS\" > \"${SCRIPT_OUTPUT_FILE_0}\"\n";
			showEnvVarsInLog = 0;
		};
		909C3B151FDF67B300C0A207 /* Setup Firebase Environment GoogleService-Info.plist */ = {
			isa = PBXShellScriptBuildPhase;
			buildActionMask = 2147483647;
			files = (
			);
			inputPaths = (
			);
			name = "Setup Firebase Environment GoogleService-Info.plist";
			outputPaths = (
			);
			runOnlyForDeploymentPostprocessing = 0;
			shellPath = /bin/sh;
			shellScript = "# Name of the resource we're selectively copying\nGOOGLESERVICE_INFO_PLIST=GoogleService-Info.plist\n\n# Get references to dev and prod versions of the GoogleService-Info.plist\n# NOTE: These should only live on the file system and should NOT be part of the target (since we'll be adding them to the target manually)\nGOOGLESERVICE_INFO_DEV=${PROJECT_DIR}/${TARGET_NAME}/Firebase/Dev/${GOOGLESERVICE_INFO_PLIST}\nGOOGLESERVICE_INFO_PROD=${PROJECT_DIR}/${TARGET_NAME}/Firebase/Prod/${GOOGLESERVICE_INFO_PLIST}\n\n# Make sure the dev version of GoogleService-Info.plist exists\necho \"Looking for ${GOOGLESERVICE_INFO_PLIST} in ${GOOGLESERVICE_INFO_DEV}\"\nif [ ! -f $GOOGLESERVICE_INFO_DEV ]\nthen\necho \"No Development GoogleService-Info.plist found. Please ensure it's in the proper directory.\"\nexit 1\nfi\n\n# Make sure the prod version of GoogleService-Info.plist exists\necho \"Looking for ${GOOGLESERVICE_INFO_PLIST} in ${GOOGLESERVICE_INFO_PROD}\"\nif [ ! -f $GOOGLESERVICE_INFO_PROD ]\nthen\necho \"No Production GoogleService-Info.plist found. Please ensure it's in the proper directory.\"\nexit 1\nfi\n\n# Get a reference to the destination location for the GoogleService-Info.plist\nPLIST_DESTINATION=${BUILT_PRODUCTS_DIR}/${PRODUCT_NAME}.app\necho \"Will copy ${GOOGLESERVICE_INFO_PLIST} to final destination: ${PLIST_DESTINATION}\"\n\n# Copy over the prod GoogleService-Info.plist for Release builds\nif [ \"${CONFIGURATION}\" == \"Release\" ]\nthen\necho \"Using ${GOOGLESERVICE_INFO_PROD}\"\ncp \"${GOOGLESERVICE_INFO_PROD}\" \"${PLIST_DESTINATION}\"\nelse\necho \"Using ${GOOGLESERVICE_INFO_DEV}\"\ncp \"${GOOGLESERVICE_INFO_DEV}\" \"${PLIST_DESTINATION}\"\nfi";
		};
		9A4024DBFC650AD633FE038E /* [CP] Copy Pods Resources */ = {
			isa = PBXShellScriptBuildPhase;
			buildActionMask = 2147483647;
			files = (
			);
			inputPaths = (
				"${SRCROOT}/Pods/Target Support Files/Pods-servicely/Pods-servicely-resources.sh",
				"${PODS_CONFIGURATION_BUILD_DIR}/FirebaseUI/FirebaseAuthUI.bundle",
				"${PODS_CONFIGURATION_BUILD_DIR}/FirebaseUI/FirebaseFacebookAuthUI.bundle",
				"${PODS_CONFIGURATION_BUILD_DIR}/FirebaseUI/FirebaseGoogleAuthUI.bundle",
				"${PODS_CONFIGURATION_BUILD_DIR}/FirebaseUI/FirebasePhoneAuthUI.bundle",
				"${PODS_CONFIGURATION_BUILD_DIR}/FirebaseUI/FirebaseTwitterAuthUI.bundle",
				"${PODS_ROOT}/GoogleSignIn/Resources/GoogleSignIn.bundle",
				"${PODS_ROOT}/TwitterKit/iOS/TwitterKit.framework/Versions/A/Resources/TwitterKitResources.bundle",
			);
			name = "[CP] Copy Pods Resources";
			outputPaths = (
				"${TARGET_BUILD_DIR}/${UNLOCALIZED_RESOURCES_FOLDER_PATH}/FirebaseAuthUI.bundle",
				"${TARGET_BUILD_DIR}/${UNLOCALIZED_RESOURCES_FOLDER_PATH}/FirebaseFacebookAuthUI.bundle",
				"${TARGET_BUILD_DIR}/${UNLOCALIZED_RESOURCES_FOLDER_PATH}/FirebaseGoogleAuthUI.bundle",
				"${TARGET_BUILD_DIR}/${UNLOCALIZED_RESOURCES_FOLDER_PATH}/FirebasePhoneAuthUI.bundle",
				"${TARGET_BUILD_DIR}/${UNLOCALIZED_RESOURCES_FOLDER_PATH}/FirebaseTwitterAuthUI.bundle",
				"${TARGET_BUILD_DIR}/${UNLOCALIZED_RESOURCES_FOLDER_PATH}/GoogleSignIn.bundle",
				"${TARGET_BUILD_DIR}/${UNLOCALIZED_RESOURCES_FOLDER_PATH}/TwitterKitResources.bundle",
			);
			runOnlyForDeploymentPostprocessing = 0;
			shellPath = /bin/sh;
			shellScript = "\"${SRCROOT}/Pods/Target Support Files/Pods-servicely/Pods-servicely-resources.sh\"\n";
			showEnvVarsInLog = 0;
		};
		B502D0CC9DEE17C9B54B6411 /* [CP] Embed Pods Frameworks */ = {
			isa = PBXShellScriptBuildPhase;
			buildActionMask = 2147483647;
			files = (
			);
			inputPaths = (
				"${SRCROOT}/Pods/Target Support Files/Pods-servicely/Pods-servicely-frameworks.sh",
				"${BUILT_PRODUCTS_DIR}/Bolts/Bolts.framework",
				"${BUILT_PRODUCTS_DIR}/BoringSSL/openssl.framework",
				"${BUILT_PRODUCTS_DIR}/FBSDKCoreKit/FBSDKCoreKit.framework",
				"${BUILT_PRODUCTS_DIR}/FBSDKLoginKit/FBSDKLoginKit.framework",
				"${BUILT_PRODUCTS_DIR}/FBSDKShareKit/FBSDKShareKit.framework",
				"${BUILT_PRODUCTS_DIR}/GTMOAuth2/GTMOAuth2.framework",
				"${BUILT_PRODUCTS_DIR}/GTMSessionFetcher/GTMSessionFetcher.framework",
				"${BUILT_PRODUCTS_DIR}/GeoFire/GeoFire.framework",
				"${BUILT_PRODUCTS_DIR}/GoogleToolboxForMac/GoogleToolboxForMac.framework",
				"${BUILT_PRODUCTS_DIR}/JSQMessagesViewController/JSQMessagesViewController.framework",
				"${BUILT_PRODUCTS_DIR}/JSQSystemSoundPlayer/JSQSystemSoundPlayer.framework",
				"${BUILT_PRODUCTS_DIR}/SDWebImage/SDWebImage.framework",
				"${BUILT_PRODUCTS_DIR}/gRPC/GRPCClient.framework",
				"${BUILT_PRODUCTS_DIR}/gRPC-Core/grpc.framework",
				"${BUILT_PRODUCTS_DIR}/gRPC-RxLibrary/RxLibrary.framework",
				"${BUILT_PRODUCTS_DIR}/leveldb-library/leveldb.framework",
				"${BUILT_PRODUCTS_DIR}/nanopb/nanopb.framework",
			);
			name = "[CP] Embed Pods Frameworks";
			outputPaths = (
				"${TARGET_BUILD_DIR}/${FRAMEWORKS_FOLDER_PATH}/Bolts.framework",
				"${TARGET_BUILD_DIR}/${FRAMEWORKS_FOLDER_PATH}/openssl.framework",
				"${TARGET_BUILD_DIR}/${FRAMEWORKS_FOLDER_PATH}/FBSDKCoreKit.framework",
				"${TARGET_BUILD_DIR}/${FRAMEWORKS_FOLDER_PATH}/FBSDKLoginKit.framework",
				"${TARGET_BUILD_DIR}/${FRAMEWORKS_FOLDER_PATH}/FBSDKShareKit.framework",
				"${TARGET_BUILD_DIR}/${FRAMEWORKS_FOLDER_PATH}/GTMOAuth2.framework",
				"${TARGET_BUILD_DIR}/${FRAMEWORKS_FOLDER_PATH}/GTMSessionFetcher.framework",
				"${TARGET_BUILD_DIR}/${FRAMEWORKS_FOLDER_PATH}/GeoFire.framework",
				"${TARGET_BUILD_DIR}/${FRAMEWORKS_FOLDER_PATH}/GoogleToolboxForMac.framework",
				"${TARGET_BUILD_DIR}/${FRAMEWORKS_FOLDER_PATH}/JSQMessagesViewController.framework",
				"${TARGET_BUILD_DIR}/${FRAMEWORKS_FOLDER_PATH}/JSQSystemSoundPlayer.framework",
				"${TARGET_BUILD_DIR}/${FRAMEWORKS_FOLDER_PATH}/SDWebImage.framework",
				"${TARGET_BUILD_DIR}/${FRAMEWORKS_FOLDER_PATH}/GRPCClient.framework",
				"${TARGET_BUILD_DIR}/${FRAMEWORKS_FOLDER_PATH}/grpc.framework",
				"${TARGET_BUILD_DIR}/${FRAMEWORKS_FOLDER_PATH}/RxLibrary.framework",
				"${TARGET_BUILD_DIR}/${FRAMEWORKS_FOLDER_PATH}/leveldb.framework",
				"${TARGET_BUILD_DIR}/${FRAMEWORKS_FOLDER_PATH}/nanopb.framework",
			);
			runOnlyForDeploymentPostprocessing = 0;
			shellPath = /bin/sh;
			shellScript = "\"${SRCROOT}/Pods/Target Support Files/Pods-servicely/Pods-servicely-frameworks.sh\"\n";
			showEnvVarsInLog = 0;
		};
/* End PBXShellScriptBuildPhase section */

/* Begin PBXSourcesBuildPhase section */
		9083B3921F86D5B20079E309 /* Sources */ = {
			isa = PBXSourcesBuildPhase;
			buildActionMask = 2147483647;
			files = (
				7F3E1B0D1FA7EB3B0034EE46 /* EditProfileViewController.swift in Sources */,
				379650A21FA891DE00EF72ED /* DeleteAccountViewController.swift in Sources */,
				90CA841A1F995EFA00EDB7AC /* ServicelyLogoViewController.swift in Sources */,
				7F9E39781FD7326A008CB750 /* MyRequetsTableViewController.swift in Sources */,
				7F7F23101FA68DC200EEA294 /* ClientProfileViewController.swift in Sources */,
				3785C1F11FA9391200774BCE /* ChangeProfilePictureViewController.swift in Sources */,
				379650A01FA889AD00EF72ED /* ChangePasswordViewController.swift in Sources */,
				7F9E23241FA3A6C600865172 /* Client.swift in Sources */,
				903C46061FE8559E00D80D58 /* ChatListTableViewCell.swift in Sources */,
				903204321FEB13A600F45B0F /* ChooseNameViewController.swift in Sources */,
				3762DAFF1FA7144C0065FA87 /* ColorScheme.swift in Sources */,
				902588531F93DC7200F57059 /* ServiceOffer.swift in Sources */,
				909C3B101FD9077200C0A207 /* CreateServiceOrRequestViewController.swift in Sources */,
				9014E1842007136F00DB612A /* PostsHelper.swift in Sources */,
				37A974DC1FC501AF000D5493 /* ProfileViewController.swift in Sources */,
				3745B96E1FD79E0400622BCE /* CosmosDistrib.swift in Sources */,
				379650A61FA8956400EF72ED /* SettingsTableViewController.swift in Sources */,
				9016772F1F92C71B00F1E1D5 /* ServiceOfferTableViewCell.swift in Sources */,
				7FBB2EB71FC37588002067C1 /* ViewServiceViewController.swift in Sources */,
				902295081FEF5DD300BC39EA /* ClientRequest.swift in Sources */,
				90AFFE672006DFB600830CF1 /* LocationHelper.swift in Sources */,
				3762DAD91FA705990065FA87 /* ChangeColorSchemeViewController.swift in Sources */,
				9083B39A1F86D5B20079E309 /* AppDelegate.swift in Sources */,
				900A838E1FFFC83F00E1FC6E /* ChangeDistanceViewController.swift in Sources */,
				7F7F23141FA78B7D00EEA294 /* ProviderProfileViewController.swift in Sources */,
				90280E8D1FC3CAF5006C5542 /* CreateClientRequestViewController.swift in Sources */,
				379650A41FA8954C00EF72ED /* SettingsViewController.swift in Sources */,
				908CD2A91FE89F3500372C29 /* ChatMetadata.swift in Sources */,
				901677291F92B87C00F1E1D5 /* ClientFeedViewController.swift in Sources */,
				901FDE8E1FA6AE4400BA2163 /* ServiceTypeViewController.swift in Sources */,
				7FBB2EB51FC36430002067C1 /* CategoriesServiceTableViewCell.swift in Sources */,
				7F2217E11FA820740004D67D /* EditProviderViewController.swift in Sources */,
				90C96DC01FE4FC8C00A1E8BA /* DatabaseWrapper.swift in Sources */,
				903C46081FE856CC00D80D58 /* ChatViewController.swift in Sources */,
				7FBB2EB31FC281A4002067C1 /* ServicesRequestsTableViewController.swift in Sources */,
				7F9E39761FD72290008CB750 /* OurServicesTableViewController.swift in Sources */,
				903C46041FE8538D00D80D58 /* ChatListTableViewController.swift in Sources */,
				901677271F92B5DD00F1E1D5 /* CreateServiceOfferViewController.swift in Sources */,
				7FF61A771FC0CC3B00DFE2E7 /* CategoriesTableViewController.swift in Sources */,
				9022950A1FEF5E1A00BC39EA /* ClientRequestTableViewCell.swift in Sources */,
			);
			runOnlyForDeploymentPostprocessing = 0;
		};
		90BDE63A200425DB005488D8 /* Sources */ = {
			isa = PBXSourcesBuildPhase;
			buildActionMask = 2147483647;
			files = (
				90F320282005B485002D1BFA /* messagingUITests.swift in Sources */,
				90BDE641200425DB005488D8 /* loginSignupUITests.swift in Sources */,
				90C982D72005A7AD0007FB6D /* createPostsUITests.swift in Sources */,
				90C982DA2005A8A70007FB6D /* feedUITests.swift in Sources */,
			);
			runOnlyForDeploymentPostprocessing = 0;
		};
/* End PBXSourcesBuildPhase section */

/* Begin PBXTargetDependency section */
		90BDE644200425DB005488D8 /* PBXTargetDependency */ = {
			isa = PBXTargetDependency;
			target = 9083B3951F86D5B20079E309 /* servicely */;
			targetProxy = 90BDE643200425DB005488D8 /* PBXContainerItemProxy */;
		};
/* End PBXTargetDependency section */

/* Begin PBXVariantGroup section */
		9083B39D1F86D5B20079E309 /* Main.storyboard */ = {
			isa = PBXVariantGroup;
			children = (
				9083B39E1F86D5B20079E309 /* Base */,
			);
			name = Main.storyboard;
			sourceTree = "<group>";
		};
		9083B3A21F86D5B20079E309 /* LaunchScreen.storyboard */ = {
			isa = PBXVariantGroup;
			children = (
				9083B3A31F86D5B20079E309 /* Base */,
			);
			name = LaunchScreen.storyboard;
			sourceTree = "<group>";
		};
/* End PBXVariantGroup section */

/* Begin XCBuildConfiguration section */
		9083B3A61F86D5B20079E309 /* Debug */ = {
			isa = XCBuildConfiguration;
			buildSettings = {
				ALWAYS_SEARCH_USER_PATHS = NO;
				CLANG_ANALYZER_NONNULL = YES;
				CLANG_ANALYZER_NUMBER_OBJECT_CONVERSION = YES_AGGRESSIVE;
				CLANG_CXX_LANGUAGE_STANDARD = "gnu++14";
				CLANG_CXX_LIBRARY = "libc++";
				CLANG_ENABLE_MODULES = YES;
				CLANG_ENABLE_OBJC_ARC = YES;
				CLANG_WARN_BLOCK_CAPTURE_AUTORELEASING = YES;
				CLANG_WARN_BOOL_CONVERSION = YES;
				CLANG_WARN_COMMA = YES;
				CLANG_WARN_CONSTANT_CONVERSION = YES;
				CLANG_WARN_DIRECT_OBJC_ISA_USAGE = YES_ERROR;
				CLANG_WARN_DOCUMENTATION_COMMENTS = YES;
				CLANG_WARN_EMPTY_BODY = YES;
				CLANG_WARN_ENUM_CONVERSION = YES;
				CLANG_WARN_INFINITE_RECURSION = YES;
				CLANG_WARN_INT_CONVERSION = YES;
				CLANG_WARN_NON_LITERAL_NULL_CONVERSION = YES;
				CLANG_WARN_OBJC_LITERAL_CONVERSION = YES;
				CLANG_WARN_OBJC_ROOT_CLASS = YES_ERROR;
				CLANG_WARN_RANGE_LOOP_ANALYSIS = YES;
				CLANG_WARN_STRICT_PROTOTYPES = YES;
				CLANG_WARN_SUSPICIOUS_MOVE = YES;
				CLANG_WARN_UNGUARDED_AVAILABILITY = YES_AGGRESSIVE;
				CLANG_WARN_UNREACHABLE_CODE = YES;
				CLANG_WARN__DUPLICATE_METHOD_MATCH = YES;
				CODE_SIGN_IDENTITY = "iPhone Developer";
				COPY_PHASE_STRIP = NO;
				DEBUG_INFORMATION_FORMAT = dwarf;
				DEVELOPMENT_TEAM = 6Q3CS3983P;
				ENABLE_STRICT_OBJC_MSGSEND = YES;
				ENABLE_TESTABILITY = YES;
				GCC_C_LANGUAGE_STANDARD = gnu11;
				GCC_DYNAMIC_NO_PIC = NO;
				GCC_NO_COMMON_BLOCKS = YES;
				GCC_OPTIMIZATION_LEVEL = 0;
				GCC_PREPROCESSOR_DEFINITIONS = (
					"DEBUG=1",
					"$(inherited)",
				);
				GCC_WARN_64_TO_32_BIT_CONVERSION = YES;
				GCC_WARN_ABOUT_RETURN_TYPE = YES_ERROR;
				GCC_WARN_UNDECLARED_SELECTOR = YES;
				GCC_WARN_UNINITIALIZED_AUTOS = YES_AGGRESSIVE;
				GCC_WARN_UNUSED_FUNCTION = YES;
				GCC_WARN_UNUSED_VARIABLE = YES;
				IPHONEOS_DEPLOYMENT_TARGET = 9.0;
				MTL_ENABLE_DEBUG_INFO = YES;
				ONLY_ACTIVE_ARCH = YES;
				SDKROOT = iphoneos;
				SWIFT_ACTIVE_COMPILATION_CONDITIONS = DEBUG;
				SWIFT_OPTIMIZATION_LEVEL = "-Onone";
			};
			name = Debug;
		};
		9083B3A71F86D5B20079E309 /* Release */ = {
			isa = XCBuildConfiguration;
			buildSettings = {
				ALWAYS_SEARCH_USER_PATHS = NO;
				CLANG_ANALYZER_NONNULL = YES;
				CLANG_ANALYZER_NUMBER_OBJECT_CONVERSION = YES_AGGRESSIVE;
				CLANG_CXX_LANGUAGE_STANDARD = "gnu++14";
				CLANG_CXX_LIBRARY = "libc++";
				CLANG_ENABLE_MODULES = YES;
				CLANG_ENABLE_OBJC_ARC = YES;
				CLANG_WARN_BLOCK_CAPTURE_AUTORELEASING = YES;
				CLANG_WARN_BOOL_CONVERSION = YES;
				CLANG_WARN_COMMA = YES;
				CLANG_WARN_CONSTANT_CONVERSION = YES;
				CLANG_WARN_DIRECT_OBJC_ISA_USAGE = YES_ERROR;
				CLANG_WARN_DOCUMENTATION_COMMENTS = YES;
				CLANG_WARN_EMPTY_BODY = YES;
				CLANG_WARN_ENUM_CONVERSION = YES;
				CLANG_WARN_INFINITE_RECURSION = YES;
				CLANG_WARN_INT_CONVERSION = YES;
				CLANG_WARN_NON_LITERAL_NULL_CONVERSION = YES;
				CLANG_WARN_OBJC_LITERAL_CONVERSION = YES;
				CLANG_WARN_OBJC_ROOT_CLASS = YES_ERROR;
				CLANG_WARN_RANGE_LOOP_ANALYSIS = YES;
				CLANG_WARN_STRICT_PROTOTYPES = YES;
				CLANG_WARN_SUSPICIOUS_MOVE = YES;
				CLANG_WARN_UNGUARDED_AVAILABILITY = YES_AGGRESSIVE;
				CLANG_WARN_UNREACHABLE_CODE = YES;
				CLANG_WARN__DUPLICATE_METHOD_MATCH = YES;
				CODE_SIGN_IDENTITY = "iPhone Developer";
				COPY_PHASE_STRIP = NO;
				DEBUG_INFORMATION_FORMAT = "dwarf-with-dsym";
				DEVELOPMENT_TEAM = 6Q3CS3983P;
				ENABLE_NS_ASSERTIONS = NO;
				ENABLE_STRICT_OBJC_MSGSEND = YES;
				GCC_C_LANGUAGE_STANDARD = gnu11;
				GCC_NO_COMMON_BLOCKS = YES;
				GCC_WARN_64_TO_32_BIT_CONVERSION = YES;
				GCC_WARN_ABOUT_RETURN_TYPE = YES_ERROR;
				GCC_WARN_UNDECLARED_SELECTOR = YES;
				GCC_WARN_UNINITIALIZED_AUTOS = YES_AGGRESSIVE;
				GCC_WARN_UNUSED_FUNCTION = YES;
				GCC_WARN_UNUSED_VARIABLE = YES;
				IPHONEOS_DEPLOYMENT_TARGET = 9.0;
				MTL_ENABLE_DEBUG_INFO = NO;
				SDKROOT = iphoneos;
				SWIFT_OPTIMIZATION_LEVEL = "-Owholemodule";
				VALIDATE_PRODUCT = YES;
			};
			name = Release;
		};
		9083B3A91F86D5B20079E309 /* Debug */ = {
			isa = XCBuildConfiguration;
			baseConfigurationReference = 6614193002671127BD6A9542 /* Pods-servicely.debug.xcconfig */;
			buildSettings = {
				ASSETCATALOG_COMPILER_APPICON_NAME = AppIcon;
				CLANG_ALLOW_NON_MODULAR_INCLUDES_IN_FRAMEWORK_MODULES = YES;
				CODE_SIGN_ENTITLEMENTS = servicely/servicely.entitlements;
				"CODE_SIGN_IDENTITY[sdk=iphoneos*]" = "iPhone Developer";
				CODE_SIGN_STYLE = Automatic;
				DEVELOPMENT_TEAM = 6Q3CS3983P;
				FRAMEWORK_SEARCH_PATHS = (
					"$(inherited)",
					"$(PROJECT_DIR)/Pods/FirebaseUI/FirebaseUIFrameworks/FirebaseTwitterAuthUI/Frameworks",
				);
				INFOPLIST_FILE = "servicely/Supporting Files/Info.plist";
				IPHONEOS_DEPLOYMENT_TARGET = 9.0;
				LD_RUNPATH_SEARCH_PATHS = "$(inherited) @executable_path/Frameworks";
				PRODUCT_BUNDLE_IDENTIFIER = com.loveclub.servicely;
				PRODUCT_NAME = "$(TARGET_NAME)";
				PROVISIONING_PROFILE = "";
				PROVISIONING_PROFILE_SPECIFIER = "";
				SWIFT_VERSION = 4.0;
				TARGETED_DEVICE_FAMILY = "1,2";
			};
			name = Debug;
		};
		9083B3AA1F86D5B20079E309 /* Release */ = {
			isa = XCBuildConfiguration;
			baseConfigurationReference = 7A88FAA5A4E412742F5C967C /* Pods-servicely.release.xcconfig */;
			buildSettings = {
				ASSETCATALOG_COMPILER_APPICON_NAME = AppIcon;
				CLANG_ALLOW_NON_MODULAR_INCLUDES_IN_FRAMEWORK_MODULES = YES;
				CODE_SIGN_ENTITLEMENTS = servicely/servicely.entitlements;
				"CODE_SIGN_IDENTITY[sdk=iphoneos*]" = "iPhone Developer";
				CODE_SIGN_STYLE = Automatic;
				DEVELOPMENT_TEAM = 6Q3CS3983P;
				FRAMEWORK_SEARCH_PATHS = (
					"$(inherited)",
					"$(PROJECT_DIR)/Pods/FirebaseUI/FirebaseUIFrameworks/FirebaseTwitterAuthUI/Frameworks",
				);
				INFOPLIST_FILE = "servicely/Supporting Files/Info.plist";
				IPHONEOS_DEPLOYMENT_TARGET = 9.0;
				LD_RUNPATH_SEARCH_PATHS = "$(inherited) @executable_path/Frameworks";
				PRODUCT_BUNDLE_IDENTIFIER = com.loveclub.servicely;
				PRODUCT_NAME = "$(TARGET_NAME)";
				PROVISIONING_PROFILE_SPECIFIER = "";
				SWIFT_VERSION = 4.0;
				TARGETED_DEVICE_FAMILY = "1,2";
			};
			name = Release;
		};
		90BDE646200425DB005488D8 /* Debug */ = {
			isa = XCBuildConfiguration;
			buildSettings = {
				CODE_SIGN_STYLE = Automatic;
				DEVELOPMENT_TEAM = 6Q3CS3983P;
				INFOPLIST_FILE = servicelyUITests/Info.plist;
				IPHONEOS_DEPLOYMENT_TARGET = 11.2;
				LD_RUNPATH_SEARCH_PATHS = "$(inherited) @executable_path/Frameworks @loader_path/Frameworks";
				PRODUCT_BUNDLE_IDENTIFIER = loveclub.servicelyUITests;
				PRODUCT_NAME = "$(TARGET_NAME)";
				SWIFT_VERSION = 4.0;
				TARGETED_DEVICE_FAMILY = "1,2";
				TEST_TARGET_NAME = servicely;
			};
			name = Debug;
		};
		90BDE647200425DB005488D8 /* Release */ = {
			isa = XCBuildConfiguration;
			buildSettings = {
				CODE_SIGN_STYLE = Automatic;
				DEVELOPMENT_TEAM = 6Q3CS3983P;
				INFOPLIST_FILE = servicelyUITests/Info.plist;
				IPHONEOS_DEPLOYMENT_TARGET = 11.2;
				LD_RUNPATH_SEARCH_PATHS = "$(inherited) @executable_path/Frameworks @loader_path/Frameworks";
				PRODUCT_BUNDLE_IDENTIFIER = loveclub.servicelyUITests;
				PRODUCT_NAME = "$(TARGET_NAME)";
				SWIFT_VERSION = 4.0;
				TARGETED_DEVICE_FAMILY = "1,2";
				TEST_TARGET_NAME = servicely;
			};
			name = Release;
		};
/* End XCBuildConfiguration section */

/* Begin XCConfigurationList section */
		9083B3911F86D5B20079E309 /* Build configuration list for PBXProject "servicely" */ = {
			isa = XCConfigurationList;
			buildConfigurations = (
				9083B3A61F86D5B20079E309 /* Debug */,
				9083B3A71F86D5B20079E309 /* Release */,
			);
			defaultConfigurationIsVisible = 0;
			defaultConfigurationName = Release;
		};
		9083B3A81F86D5B20079E309 /* Build configuration list for PBXNativeTarget "servicely" */ = {
			isa = XCConfigurationList;
			buildConfigurations = (
				9083B3A91F86D5B20079E309 /* Debug */,
				9083B3AA1F86D5B20079E309 /* Release */,
			);
			defaultConfigurationIsVisible = 0;
			defaultConfigurationName = Release;
		};
		90BDE645200425DB005488D8 /* Build configuration list for PBXNativeTarget "servicelyUITests" */ = {
			isa = XCConfigurationList;
			buildConfigurations = (
				90BDE646200425DB005488D8 /* Debug */,
				90BDE647200425DB005488D8 /* Release */,
			);
			defaultConfigurationIsVisible = 0;
			defaultConfigurationName = Release;
		};
/* End XCConfigurationList section */
	};
	rootObject = 9083B38E1F86D5B20079E309 /* Project object */;
}
